
Microsoft Visual Studio Solution File, Format Version 12.00
# Visual Studio Version 16
VisualStudioVersion = 16.0.31005.135
MinimumVisualStudioVersion = 10.0.40219.1
Project("{FAE04EC0-301F-11D3-BF4B-00C04F79EFBC}") = "GameProject", "GameProject\GameProject.csproj", "{438E183B-6160-4AF9-8A08-53247F112B32}"
EndProject
Global
	GlobalSection(SolutionConfigurationPlatforms) = preSolution
		Debug|Any CPU = Debug|Any CPU
		Release|Any CPU = Release|Any CPU
	EndGlobalSection
	GlobalSection(ProjectConfigurationPlatforms) = postSolution
		{438E183B-6160-4AF9-8A08-53247F112B32}.Debug|Any CPU.ActiveCfg = Debug|Any CPU
		{438E183B-6160-4AF9-8A08-53247F112B32}.Debug|Any CPU.Build.0 = Debug|Any CPU
		{438E183B-6160-4AF9-8A08-53247F112B32}.Release|Any CPU.ActiveCfg = Release|Any CPU
		{438E183B-6160-4AF9-8A08-53247F112B32}.Release|Any CPU.Build.0 = Release|Any CPU
	EndGlobalSection
	GlobalSection(SolutionProperties) = preSolution
		HideSolutionNode = FALSE
	EndGlobalSection
	GlobalSection(ExtensibilityGlobals) = postSolution
		SolutionGuid = {B800E38B-56F0-4A87-9017-41A0A623BB7A}
	EndGlobalSection
EndGlobal
